Microsoft Visual Studio Solution File, Format Version 12.00
# Visual Studio 2013
VisualStudioVersion = 12.0.21005.1
MinimumVisualStudioVersion = 10.0.40219.1
Project("{2150E333-8FDC-42A3-9474-1A3956D46DE8}") = "Applications", "Applications", "{7E1EA881-A723-4F01-9625-E46517891DF5}"
EndProject
Project("{2150E333-8FDC-42A3-9474-1A3956D46DE8}") = "CPOS", "CPOS", "{B0629F9B-DCEF-4CDD-9C39-8F766360B202}"
EndProject
Project("{FAE04EC0-301F-11D3-BF4B-00C04F79EFBC}") = "CPOS.BS.Entity", "CPOS.BS.Entity\CPOS.BS.Entity.csproj", "{6D911430-7243-4AB2-B70E-4DAFFC4D1B22}"
EndProject
Project("{FAE04EC0-301F-11D3-BF4B-00C04F79EFBC}") = "CPOS.BS.WebServices", "CPOS.BS.WebServices\CPOS.BS.WebServices.csproj", "{3E853C2F-AAF0-4668-87C1-658CC015CDA0}"
EndProject
Project("{FAE04EC0-301F-11D3-BF4B-00C04F79EFBC}") = "CPOS.BS.Web", "CPOS.BS.Web\CPOS.BS.Web.csproj", "{D5725CD5-20AA-4A3E-B72E-146F781C4FDA}"
EndProject
Project("{FAE04EC0-301F-11D3-BF4B-00C04F79EFBC}") = "CPOS.Common", "CPOS.Common\CPOS.Common.csproj", "{4E164CF5-3114-4C70-874F-1353FB6A6215}"
EndProject
Project("{FAE04EC0-301F-11D3-BF4B-00C04F79EFBC}") = "CPOS.Web", "CPOS.Web\CPOS.Web.csproj", "{F86DB71F-262E-466D-9701-07BC84ACDF88}"
EndProject
Project("{FAE04EC0-301F-11D3-BF4B-00C04F79EFBC}") = "CPOS.ZODataTransfer", "CPOS.ZODataTransfer\CPOS.ZODataTransfer.csproj", "{9CB2D48F-2E3A-45CF-800D-440942CAECD2}"
EndProject
Project("{FAE04EC0-301F-11D3-BF4B-00C04F79EFBC}") = "CPOS.MsgSendApp", "CPOS.MsgSendApp\CPOS.MsgSendApp.csproj", "{05D7FC4C-B586-42CB-B897-CD1F55BF9C78}"
EndProject
Project("{2150E333-8FDC-42A3-9474-1A3956D46DE8}") = "UnitTest", "UnitTest", "{2B433F6B-B489-42D7-B373-0B50B9A52B88}"
EndProject
Project("{FAE04EC0-301F-11D3-BF4B-00C04F79EFBC}") = "Test.CPOS.Web", "Test.CPOS.Web\Test.CPOS.Web.csproj", "{318987BC-8D16-46A0-80C5-D5A10483B056}"
EndProject
Project("{FAE04EC0-301F-11D3-BF4B-00C04F79EFBC}") = "TestCPOS.TestWeb", "TestCPOS.TestWeb\TestCPOS.TestWeb.csproj", "{76DDB2F1-5B99-4143-BCDD-AF592C4FD539}"
EndProject
Project("{FAE04EC0-301F-11D3-BF4B-00C04F79EFBC}") = "CPOS.DTO", "CPOS.DTO\CPOS.DTO.csproj", "{E90B49C0-4C8E-42EC-88EF-DACCFD56F2B5}"
EndProject
Project("{FAE04EC0-301F-11D3-BF4B-00C04F79EFBC}") = "TestCPOS.TestBS.TestBLL", "TestCPOS.TestBS.TestBLL\TestCPOS.TestBS.TestBLL.csproj", "{3045922D-F58F-48E7-8D8C-41ACE6CA0303}"
EndProject
Project("{FAE04EC0-301F-11D3-BF4B-00C04F79EFBC}") = "TestCPOS.TestBS.TestWeb", "TestCPOS.TestBS.TestWeb\TestCPOS.TestBS.TestWeb.csproj", "{1195BE69-FE3F-4654-A85A-E84E3C0E64C7}"
EndProject
Project("{FAE04EC0-301F-11D3-BF4B-00C04F79EFBC}") = "CPOS.BS.MailSendService", "CPOS.BS.MailSendService\CPOS.BS.MailSendService.csproj", "{DBFE8DD9-9922-4123-ACC4-B249050CB1CE}"
EndProject
Project("{FAE04EC0-301F-11D3-BF4B-00C04F79EFBC}") = "CPOS.BS.BLL", "CPOS.BS.BLL\CPOS.BS.BLL.csproj", "{9ADF4825-9B7C-4BB1-A05C-9C137B33D81B}"
EndProject
Project("{FAE04EC0-301F-11D3-BF4B-00C04F79EFBC}") = "CPOS.BS.DataAccess", "CPOS.BS.DataAccess\CPOS.BS.DataAccess.csproj", "{928C0A63-F799-49B5-A566-65BE4ABC9F56}"
EndProject
Global
	GlobalSection(SolutionConfigurationPlatforms) = preSolution
		Debug|Any CPU = Debug|Any CPU
		Debug|Mixed Platforms = Debug|Mixed Platforms
		Debug|x86 = Debug|x86
		Release|Any CPU = Release|Any CPU
		Release|Mixed Platforms = Release|Mixed Platforms
		Release|x86 = Release|x86
		WillieLocal|Any CPU = WillieLocal|Any CPU
		WillieLocal|Mixed Platforms = WillieLocal|Mixed Platforms
		WillieLocal|x86 = WillieLocal|x86
	EndGlobalSection
	GlobalSection(ProjectConfigurationPlatforms) = postSolution
		{6D911430-7243-4AB2-B70E-4DAFFC4D1B22}.Debug|Any CPU.ActiveCfg = Debug|Any CPU
		{6D911430-7243-4AB2-B70E-4DAFFC4D1B22}.Debug|Any CPU.Build.0 = Debug|Any CPU
		{6D911430-7243-4AB2-B70E-4DAFFC4D1B22}.Debug|Mixed Platforms.ActiveCfg = Debug|Any CPU
		{6D911430-7243-4AB2-B70E-4DAFFC4D1B22}.Debug|Mixed Platforms.Build.0 = Debug|Any CPU
		{6D911430-7243-4AB2-B70E-4DAFFC4D1B22}.Debug|x86.ActiveCfg = Debug|Any CPU
		{6D911430-7243-4AB2-B70E-4DAFFC4D1B22}.Release|Any CPU.ActiveCfg = Release|Any CPU
		{6D911430-7243-4AB2-B70E-4DAFFC4D1B22}.Release|Any CPU.Build.0 = Release|Any CPU
		{6D911430-7243-4AB2-B70E-4DAFFC4D1B22}.Release|Mixed Platforms.ActiveCfg = Release|Any CPU
		{6D911430-7243-4AB2-B70E-4DAFFC4D1B22}.Release|Mixed Platforms.Build.0 = Release|Any CPU
		{6D911430-7243-4AB2-B70E-4DAFFC4D1B22}.Release|x86.ActiveCfg = Release|Any CPU
		{6D911430-7243-4AB2-B70E-4DAFFC4D1B22}.WillieLocal|Any CPU.ActiveCfg = WillieLocal|Any CPU
		{6D911430-7243-4AB2-B70E-4DAFFC4D1B22}.WillieLocal|Any CPU.Build.0 = WillieLocal|Any CPU
		{6D911430-7243-4AB2-B70E-4DAFFC4D1B22}.WillieLocal|Mixed Platforms.ActiveCfg = WillieLocal|Any CPU
		{6D911430-7243-4AB2-B70E-4DAFFC4D1B22}.WillieLocal|Mixed Platforms.Build.0 = WillieLocal|Any CPU
		{6D911430-7243-4AB2-B70E-4DAFFC4D1B22}.WillieLocal|x86.ActiveCfg = WillieLocal|Any CPU
		{3E853C2F-AAF0-4668-87C1-658CC015CDA0}.Debug|Any CPU.ActiveCfg = Debug|Any CPU
		{3E853C2F-AAF0-4668-87C1-658CC015CDA0}.Debug|Any CPU.Build.0 = Debug|Any CPU
		{3E853C2F-AAF0-4668-87C1-658CC015CDA0}.Debug|Mixed Platforms.ActiveCfg = Debug|Any CPU
		{3E853C2F-AAF0-4668-87C1-658CC015CDA0}.Debug|Mixed Platforms.Build.0 = Debug|Any CPU
		{3E853C2F-AAF0-4668-87C1-658CC015CDA0}.Debug|x86.ActiveCfg = Debug|Any CPU
		{3E853C2F-AAF0-4668-87C1-658CC015CDA0}.Release|Any CPU.ActiveCfg = Release|Any CPU
		{3E853C2F-AAF0-4668-87C1-658CC015CDA0}.Release|Any CPU.Build.0 = Release|Any CPU
		{3E853C2F-AAF0-4668-87C1-658CC015CDA0}.Release|Mixed Platforms.ActiveCfg = Release|Any CPU
		{3E853C2F-AAF0-4668-87C1-658CC015CDA0}.Release|Mixed Platforms.Build.0 = Release|Any CPU
		{3E853C2F-AAF0-4668-87C1-658CC015CDA0}.Release|x86.ActiveCfg = Release|Any CPU
		{3E853C2F-AAF0-4668-87C1-658CC015CDA0}.WillieLocal|Any CPU.ActiveCfg = WillieLocal|Any CPU
		{3E853C2F-AAF0-4668-87C1-658CC015CDA0}.WillieLocal|Any CPU.Build.0 = WillieLocal|Any CPU
		{3E853C2F-AAF0-4668-87C1-658CC015CDA0}.WillieLocal|Mixed Platforms.ActiveCfg = WillieLocal|Any CPU
		{3E853C2F-AAF0-4668-87C1-658CC015CDA0}.WillieLocal|Mixed Platforms.Build.0 = WillieLocal|Any CPU
		{3E853C2F-AAF0-4668-87C1-658CC015CDA0}.WillieLocal|x86.ActiveCfg = WillieLocal|Any CPU
		{D5725CD5-20AA-4A3E-B72E-146F781C4FDA}.Debug|Any CPU.ActiveCfg = Debug|Any CPU
		{D5725CD5-20AA-4A3E-B72E-146F781C4FDA}.Debug|Any CPU.Build.0 = Debug|Any CPU
		{D5725CD5-20AA-4A3E-B72E-146F781C4FDA}.Debug|Mixed Platforms.ActiveCfg = Debug|Any CPU
		{D5725CD5-20AA-4A3E-B72E-146F781C4FDA}.Debug|Mixed Platforms.Build.0 = Debug|Any CPU
		{D5725CD5-20AA-4A3E-B72E-146F781C4FDA}.Debug|x86.ActiveCfg = Debug|Any CPU
		{D5725CD5-20AA-4A3E-B72E-146F781C4FDA}.Release|Any CPU.ActiveCfg = Release|Any CPU
		{D5725CD5-20AA-4A3E-B72E-146F781C4FDA}.Release|Any CPU.Build.0 = Release|Any CPU
		{D5725CD5-20AA-4A3E-B72E-146F781C4FDA}.Release|Mixed Platforms.ActiveCfg = Release|Any CPU
		{D5725CD5-20AA-4A3E-B72E-146F781C4FDA}.Release|Mixed Platforms.Build.0 = Release|Any CPU
		{D5725CD5-20AA-4A3E-B72E-146F781C4FDA}.Release|x86.ActiveCfg = Release|Any CPU
		{D5725CD5-20AA-4A3E-B72E-146F781C4FDA}.WillieLocal|Any CPU.ActiveCfg = WillieLocal|Any CPU
		{D5725CD5-20AA-4A3E-B72E-146F781C4FDA}.WillieLocal|Any CPU.Build.0 = WillieLocal|Any CPU
		{D5725CD5-20AA-4A3E-B72E-146F781C4FDA}.WillieLocal|Mixed Platforms.ActiveCfg = WillieLocal|Any CPU
		{D5725CD5-20AA-4A3E-B72E-146F781C4FDA}.WillieLocal|Mixed Platforms.Build.0 = WillieLocal|Any CPU
		{D5725CD5-20AA-4A3E-B72E-146F781C4FDA}.WillieLocal|x86.ActiveCfg = WillieLocal|Any CPU
		{4E164CF5-3114-4C70-874F-1353FB6A6215}.Debug|Any CPU.ActiveCfg = Debug|Any CPU
		{4E164CF5-3114-4C70-874F-1353FB6A6215}.Debug|Any CPU.Build.0 = Debug|Any CPU
		{4E164CF5-3114-4C70-874F-1353FB6A6215}.Debug|Mixed Platforms.ActiveCfg = Debug|Any CPU
		{4E164CF5-3114-4C70-874F-1353FB6A6215}.Debug|Mixed Platforms.Build.0 = Debug|Any CPU
		{4E164CF5-3114-4C70-874F-1353FB6A6215}.Debug|x86.ActiveCfg = Debug|Any CPU
		{4E164CF5-3114-4C70-874F-1353FB6A6215}.Release|Any CPU.ActiveCfg = Release|Any CPU
		{4E164CF5-3114-4C70-874F-1353FB6A6215}.Release|Any CPU.Build.0 = Release|Any CPU
		{4E164CF5-3114-4C70-874F-1353FB6A6215}.Release|Mixed Platforms.ActiveCfg = Release|Any CPU
		{4E164CF5-3114-4C70-874F-1353FB6A6215}.Release|Mixed Platforms.Build.0 = Release|Any CPU
		{4E164CF5-3114-4C70-874F-1353FB6A6215}.Release|x86.ActiveCfg = Release|Any CPU
		{4E164CF5-3114-4C70-874F-1353FB6A6215}.WillieLocal|Any CPU.ActiveCfg = WillieLocal|Any CPU
		{4E164CF5-3114-4C70-874F-1353FB6A6215}.WillieLocal|Any CPU.Build.0 = WillieLocal|Any CPU
		{4E164CF5-3114-4C70-874F-1353FB6A6215}.WillieLocal|Mixed Platforms.ActiveCfg = WillieLocal|Any CPU
		{4E164CF5-3114-4C70-874F-1353FB6A6215}.WillieLocal|Mixed Platforms.Build.0 = WillieLocal|Any CPU
		{4E164CF5-3114-4C70-874F-1353FB6A6215}.WillieLocal|x86.ActiveCfg = WillieLocal|Any CPU
		{F86DB71F-262E-466D-9701-07BC84ACDF88}.Debug|Any CPU.ActiveCfg = Debug|Any CPU
		{F86DB71F-262E-466D-9701-07BC84ACDF88}.Debug|Any CPU.Build.0 = Debug|Any CPU
		{F86DB71F-262E-466D-9701-07BC84ACDF88}.Debug|Mixed Platforms.ActiveCfg = Debug|Any CPU
		{F86DB71F-262E-466D-9701-07BC84ACDF88}.Debug|Mixed Platforms.Build.0 = Debug|Any CPU
		{F86DB71F-262E-466D-9701-07BC84ACDF88}.Debug|x86.ActiveCfg = Debug|Any CPU
		{F86DB71F-262E-466D-9701-07BC84ACDF88}.Release|Any CPU.ActiveCfg = Release|Any CPU
		{F86DB71F-262E-466D-9701-07BC84ACDF88}.Release|Any CPU.Build.0 = Release|Any CPU
		{F86DB71F-262E-466D-9701-07BC84ACDF88}.Release|Mixed Platforms.ActiveCfg = Release|Any CPU
		{F86DB71F-262E-466D-9701-07BC84ACDF88}.Release|Mixed Platforms.Build.0 = Release|Any CPU
		{F86DB71F-262E-466D-9701-07BC84ACDF88}.Release|x86.ActiveCfg = Release|Any CPU
		{F86DB71F-262E-466D-9701-07BC84ACDF88}.WillieLocal|Any CPU.ActiveCfg = WillieLocal|Any CPU
		{F86DB71F-262E-466D-9701-07BC84ACDF88}.WillieLocal|Any CPU.Build.0 = WillieLocal|Any CPU
		{F86DB71F-262E-466D-9701-07BC84ACDF88}.WillieLocal|Mixed Platforms.ActiveCfg = WillieLocal|Any CPU
		{F86DB71F-262E-466D-9701-07BC84ACDF88}.WillieLocal|Mixed Platforms.Build.0 = WillieLocal|Any CPU
		{F86DB71F-262E-466D-9701-07BC84ACDF88}.WillieLocal|x86.ActiveCfg = WillieLocal|Any CPU
		{9CB2D48F-2E3A-45CF-800D-440942CAECD2}.Debug|Any CPU.ActiveCfg = Debug|x86
		{9CB2D48F-2E3A-45CF-800D-440942CAECD2}.Debug|Mixed Platforms.ActiveCfg = Debug|x86
		{9CB2D48F-2E3A-45CF-800D-440942CAECD2}.Debug|Mixed Platforms.Build.0 = Debug|x86
		{9CB2D48F-2E3A-45CF-800D-440942CAECD2}.Debug|x86.ActiveCfg = Debug|x86
		{9CB2D48F-2E3A-45CF-800D-440942CAECD2}.Debug|x86.Build.0 = Debug|x86
		{9CB2D48F-2E3A-45CF-800D-440942CAECD2}.Release|Any CPU.ActiveCfg = Release|x86
		{9CB2D48F-2E3A-45CF-800D-440942CAECD2}.Release|Mixed Platforms.ActiveCfg = Release|x86
		{9CB2D48F-2E3A-45CF-800D-440942CAECD2}.Release|x86.ActiveCfg = Release|x86
		{9CB2D48F-2E3A-45CF-800D-440942CAECD2}.Release|x86.Build.0 = Release|x86
		{9CB2D48F-2E3A-45CF-800D-440942CAECD2}.WillieLocal|Any CPU.ActiveCfg = WillieLocal|x86
		{9CB2D48F-2E3A-45CF-800D-440942CAECD2}.WillieLocal|Mixed Platforms.ActiveCfg = WillieLocal|x86
		{9CB2D48F-2E3A-45CF-800D-440942CAECD2}.WillieLocal|Mixed Platforms.Build.0 = WillieLocal|x86
		{9CB2D48F-2E3A-45CF-800D-440942CAECD2}.WillieLocal|x86.ActiveCfg = WillieLocal|x86
		{9CB2D48F-2E3A-45CF-800D-440942CAECD2}.WillieLocal|x86.Build.0 = WillieLocal|x86
		{05D7FC4C-B586-42CB-B897-CD1F55BF9C78}.Debug|Any CPU.ActiveCfg = Debug|x86
		{05D7FC4C-B586-42CB-B897-CD1F55BF9C78}.Debug|Mixed Platforms.ActiveCfg = Debug|x86
		{05D7FC4C-B586-42CB-B897-CD1F55BF9C78}.Debug|Mixed Platforms.Build.0 = Debug|x86
		{05D7FC4C-B586-42CB-B897-CD1F55BF9C78}.Debug|x86.ActiveCfg = Debug|x86
		{05D7FC4C-B586-42CB-B897-CD1F55BF9C78}.Debug|x86.Build.0 = Debug|x86
		{05D7FC4C-B586-42CB-B897-CD1F55BF9C78}.Release|Any CPU.ActiveCfg = Release|x86
		{05D7FC4C-B586-42CB-B897-CD1F55BF9C78}.Release|Mixed Platforms.ActiveCfg = Release|x86
		{05D7FC4C-B586-42CB-B897-CD1F55BF9C78}.Release|Mixed Platforms.Build.0 = Release|x86
		{05D7FC4C-B586-42CB-B897-CD1F55BF9C78}.Release|x86.ActiveCfg = Release|x86
		{05D7FC4C-B586-42CB-B897-CD1F55BF9C78}.Release|x86.Build.0 = Release|x86
		{05D7FC4C-B586-42CB-B897-CD1F55BF9C78}.WillieLocal|Any CPU.ActiveCfg = WillieLocal|x86
		{05D7FC4C-B586-42CB-B897-CD1F55BF9C78}.WillieLocal|Mixed Platforms.ActiveCfg = WillieLocal|x86
		{05D7FC4C-B586-42CB-B897-CD1F55BF9C78}.WillieLocal|Mixed Platforms.Build.0 = WillieLocal|x86
		{05D7FC4C-B586-42CB-B897-CD1F55BF9C78}.WillieLocal|x86.ActiveCfg = WillieLocal|x86
		{05D7FC4C-B586-42CB-B897-CD1F55BF9C78}.WillieLocal|x86.Build.0 = WillieLocal|x86
		{318987BC-8D16-46A0-80C5-D5A10483B056}.Debug|Any CPU.ActiveCfg = Debug|Any CPU
		{318987BC-8D16-46A0-80C5-D5A10483B056}.Debug|Any CPU.Build.0 = Debug|Any CPU
		{318987BC-8D16-46A0-80C5-D5A10483B056}.Debug|Mixed Platforms.ActiveCfg = Debug|Any CPU
		{318987BC-8D16-46A0-80C5-D5A10483B056}.Debug|x86.ActiveCfg = Debug|Any CPU
		{318987BC-8D16-46A0-80C5-D5A10483B056}.Release|Any CPU.ActiveCfg = Release|Any CPU
		{318987BC-8D16-46A0-80C5-D5A10483B056}.Release|Any CPU.Build.0 = Release|Any CPU
		{318987BC-8D16-46A0-80C5-D5A10483B056}.Release|Mixed Platforms.ActiveCfg = Release|Any CPU
		{318987BC-8D16-46A0-80C5-D5A10483B056}.Release|x86.ActiveCfg = Release|Any CPU
		{318987BC-8D16-46A0-80C5-D5A10483B056}.WillieLocal|Any CPU.ActiveCfg = Release|Any CPU
		{318987BC-8D16-46A0-80C5-D5A10483B056}.WillieLocal|Any CPU.Build.0 = Release|Any CPU
		{318987BC-8D16-46A0-80C5-D5A10483B056}.WillieLocal|Mixed Platforms.ActiveCfg = Release|Any CPU
		{318987BC-8D16-46A0-80C5-D5A10483B056}.WillieLocal|Mixed Platforms.Build.0 = Release|Any CPU
		{318987BC-8D16-46A0-80C5-D5A10483B056}.WillieLocal|x86.ActiveCfg = Release|Any CPU
		{76DDB2F1-5B99-4143-BCDD-AF592C4FD539}.Debug|Any CPU.ActiveCfg = Debug|Any CPU
		{76DDB2F1-5B99-4143-BCDD-AF592C4FD539}.Debug|Any CPU.Build.0 = Debug|Any CPU
		{76DDB2F1-5B99-4143-BCDD-AF592C4FD539}.Debug|Mixed Platforms.ActiveCfg = Debug|Any CPU
		{76DDB2F1-5B99-4143-BCDD-AF592C4FD539}.Debug|x86.ActiveCfg = Debug|Any CPU
		{76DDB2F1-5B99-4143-BCDD-AF592C4FD539}.Release|Any CPU.ActiveCfg = Release|Any CPU
		{76DDB2F1-5B99-4143-BCDD-AF592C4FD539}.Release|Any CPU.Build.0 = Release|Any CPU
		{76DDB2F1-5B99-4143-BCDD-AF592C4FD539}.Release|Mixed Platforms.ActiveCfg = Release|Any CPU
		{76DDB2F1-5B99-4143-BCDD-AF592C4FD539}.Release|x86.ActiveCfg = Release|Any CPU
		{76DDB2F1-5B99-4143-BCDD-AF592C4FD539}.WillieLocal|Any CPU.ActiveCfg = Release|Any CPU
		{76DDB2F1-5B99-4143-BCDD-AF592C4FD539}.WillieLocal|Any CPU.Build.0 = Release|Any CPU
		{76DDB2F1-5B99-4143-BCDD-AF592C4FD539}.WillieLocal|Mixed Platforms.ActiveCfg = Release|Any CPU
		{76DDB2F1-5B99-4143-BCDD-AF592C4FD539}.WillieLocal|Mixed Platforms.Build.0 = Release|Any CPU
		{76DDB2F1-5B99-4143-BCDD-AF592C4FD539}.WillieLocal|x86.ActiveCfg = Release|Any CPU
		{E90B49C0-4C8E-42EC-88EF-DACCFD56F2B5}.Debug|Any CPU.ActiveCfg = Debug|Any CPU
		{E90B49C0-4C8E-42EC-88EF-DACCFD56F2B5}.Debug|Any CPU.Build.0 = Debug|Any CPU
		{E90B49C0-4C8E-42EC-88EF-DACCFD56F2B5}.Debug|Mixed Platforms.ActiveCfg = Debug|Any CPU
		{E90B49C0-4C8E-42EC-88EF-DACCFD56F2B5}.Debug|Mixed Platforms.Build.0 = Debug|Any CPU
		{E90B49C0-4C8E-42EC-88EF-DACCFD56F2B5}.Debug|x86.ActiveCfg = Debug|Any CPU
		{E90B49C0-4C8E-42EC-88EF-DACCFD56F2B5}.Release|Any CPU.ActiveCfg = Release|Any CPU
		{E90B49C0-4C8E-42EC-88EF-DACCFD56F2B5}.Release|Any CPU.Build.0 = Release|Any CPU
		{E90B49C0-4C8E-42EC-88EF-DACCFD56F2B5}.Release|Mixed Platforms.ActiveCfg = Release|Any CPU
		{E90B49C0-4C8E-42EC-88EF-DACCFD56F2B5}.Release|Mixed Platforms.Build.0 = Release|Any CPU
		{E90B49C0-4C8E-42EC-88EF-DACCFD56F2B5}.Release|x86.ActiveCfg = Release|Any CPU
		{E90B49C0-4C8E-42EC-88EF-DACCFD56F2B5}.WillieLocal|Any CPU.ActiveCfg = Release|Any CPU
		{E90B49C0-4C8E-42EC-88EF-DACCFD56F2B5}.WillieLocal|Any CPU.Build.0 = Release|Any CPU
		{E90B49C0-4C8E-42EC-88EF-DACCFD56F2B5}.WillieLocal|Mixed Platforms.ActiveCfg = Release|Any CPU
		{E90B49C0-4C8E-42EC-88EF-DACCFD56F2B5}.WillieLocal|Mixed Platforms.Build.0 = Release|Any CPU
		{E90B49C0-4C8E-42EC-88EF-DACCFD56F2B5}.WillieLocal|x86.ActiveCfg = Release|Any CPU
		{3045922D-F58F-48E7-8D8C-41ACE6CA0303}.Debug|Any CPU.ActiveCfg = Debug|Any CPU
		{3045922D-F58F-48E7-8D8C-41ACE6CA0303}.Debug|Any CPU.Build.0 = Debug|Any CPU
		{3045922D-F58F-48E7-8D8C-41ACE6CA0303}.Debug|Mixed Platforms.ActiveCfg = Debug|Any CPU
		{3045922D-F58F-48E7-8D8C-41ACE6CA0303}.Debug|x86.ActiveCfg = Debug|Any CPU
		{3045922D-F58F-48E7-8D8C-41ACE6CA0303}.Release|Any CPU.ActiveCfg = Release|Any CPU
		{3045922D-F58F-48E7-8D8C-41ACE6CA0303}.Release|Any CPU.Build.0 = Release|Any CPU
		{3045922D-F58F-48E7-8D8C-41ACE6CA0303}.Release|Mixed Platforms.ActiveCfg = Release|Any CPU
		{3045922D-F58F-48E7-8D8C-41ACE6CA0303}.Release|x86.ActiveCfg = Release|Any CPU
		{3045922D-F58F-48E7-8D8C-41ACE6CA0303}.WillieLocal|Any CPU.ActiveCfg = Release|Any CPU
		{3045922D-F58F-48E7-8D8C-41ACE6CA0303}.WillieLocal|Any CPU.Build.0 = Release|Any CPU
		{3045922D-F58F-48E7-8D8C-41ACE6CA0303}.WillieLocal|Mixed Platforms.ActiveCfg = Release|Any CPU
		{3045922D-F58F-48E7-8D8C-41ACE6CA0303}.WillieLocal|Mixed Platforms.Build.0 = Release|Any CPU
		{3045922D-F58F-48E7-8D8C-41ACE6CA0303}.WillieLocal|x86.ActiveCfg = Release|Any CPU
		{1195BE69-FE3F-4654-A85A-E84E3C0E64C7}.Debug|Any CPU.ActiveCfg = Debug|Any CPU
		{1195BE69-FE3F-4654-A85A-E84E3C0E64C7}.Debug|Any CPU.Build.0 = Debug|Any CPU
		{1195BE69-FE3F-4654-A85A-E84E3C0E64C7}.Debug|Mixed Platforms.ActiveCfg = Debug|Any CPU
		{1195BE69-FE3F-4654-A85A-E84E3C0E64C7}.Debug|x86.ActiveCfg = Debug|Any CPU
		{1195BE69-FE3F-4654-A85A-E84E3C0E64C7}.Release|Any CPU.ActiveCfg = Release|Any CPU
		{1195BE69-FE3F-4654-A85A-E84E3C0E64C7}.Release|Any CPU.Build.0 = Release|Any CPU
		{1195BE69-FE3F-4654-A85A-E84E3C0E64C7}.Release|Mixed Platforms.ActiveCfg = Release|Any CPU
		{1195BE69-FE3F-4654-A85A-E84E3C0E64C7}.Release|x86.ActiveCfg = Release|Any CPU
		{1195BE69-FE3F-4654-A85A-E84E3C0E64C7}.WillieLocal|Any CPU.ActiveCfg = Release|Any CPU
		{1195BE69-FE3F-4654-A85A-E84E3C0E64C7}.WillieLocal|Any CPU.Build.0 = Release|Any CPU
		{1195BE69-FE3F-4654-A85A-E84E3C0E64C7}.WillieLocal|Mixed Platforms.ActiveCfg = Release|Any CPU
		{1195BE69-FE3F-4654-A85A-E84E3C0E64C7}.WillieLocal|Mixed Platforms.Build.0 = Release|Any CPU
		{1195BE69-FE3F-4654-A85A-E84E3C0E64C7}.WillieLocal|x86.ActiveCfg = Release|Any CPU
		{DBFE8DD9-9922-4123-ACC4-B249050CB1CE}.Debug|Any CPU.ActiveCfg = Debug|x86
		{DBFE8DD9-9922-4123-ACC4-B249050CB1CE}.Debug|Mixed Platforms.ActiveCfg = Debug|x86
		{DBFE8DD9-9922-4123-ACC4-B249050CB1CE}.Debug|Mixed Platforms.Build.0 = Debug|x86
		{DBFE8DD9-9922-4123-ACC4-B249050CB1CE}.Debug|x86.ActiveCfg = Debug|x86
		{DBFE8DD9-9922-4123-ACC4-B249050CB1CE}.Debug|x86.Build.0 = Debug|x86
		{DBFE8DD9-9922-4123-ACC4-B249050CB1CE}.Release|Any CPU.ActiveCfg = Release|x86
		{DBFE8DD9-9922-4123-ACC4-B249050CB1CE}.Release|Mixed Platforms.ActiveCfg = Release|x86
		{DBFE8DD9-9922-4123-ACC4-B249050CB1CE}.Release|Mixed Platforms.Build.0 = Release|x86
		{DBFE8DD9-9922-4123-ACC4-B249050CB1CE}.Release|x86.ActiveCfg = Release|x86
		{DBFE8DD9-9922-4123-ACC4-B249050CB1CE}.Release|x86.Build.0 = Release|x86
		{DBFE8DD9-9922-4123-ACC4-B249050CB1CE}.WillieLocal|Any CPU.ActiveCfg = Release|x86
		{DBFE8DD9-9922-4123-ACC4-B249050CB1CE}.WillieLocal|Mixed Platforms.ActiveCfg = Release|x86
		{DBFE8DD9-9922-4123-ACC4-B249050CB1CE}.WillieLocal|Mixed Platforms.Build.0 = Release|x86
		{DBFE8DD9-9922-4123-ACC4-B249050CB1CE}.WillieLocal|x86.ActiveCfg = Release|x86
		{DBFE8DD9-9922-4123-ACC4-B249050CB1CE}.WillieLocal|x86.Build.0 = Release|x86
		{9ADF4825-9B7C-4BB1-A05C-9C137B33D81B}.Debug|Any CPU.ActiveCfg = Debug|Any CPU
		{9ADF4825-9B7C-4BB1-A05C-9C137B33D81B}.Debug|Any CPU.Build.0 = Debug|Any CPU
		{9ADF4825-9B7C-4BB1-A05C-9C137B33D81B}.Debug|Mixed Platforms.ActiveCfg = Debug|Any CPU
		{9ADF4825-9B7C-4BB1-A05C-9C137B33D81B}.Debug|Mixed Platforms.Build.0 = Debug|Any CPU
		{9ADF4825-9B7C-4BB1-A05C-9C137B33D81B}.Debug|x86.ActiveCfg = Debug|Any CPU
		{9ADF4825-9B7C-4BB1-A05C-9C137B33D81B}.Release|Any CPU.ActiveCfg = Release|Any CPU
		{9ADF4825-9B7C-4BB1-A05C-9C137B33D81B}.Release|Any CPU.Build.0 = Release|Any CPU
		{9ADF4825-9B7C-4BB1-A05C-9C137B33D81B}.Release|Mixed Platforms.ActiveCfg = Release|Any CPU
		{9ADF4825-9B7C-4BB1-A05C-9C137B33D81B}.Release|Mixed Platforms.Build.0 = Release|Any CPU
		{9ADF4825-9B7C-4BB1-A05C-9C137B33D81B}.Release|x86.ActiveCfg = Release|Any CPU
		{9ADF4825-9B7C-4BB1-A05C-9C137B33D81B}.WillieLocal|Any CPU.ActiveCfg = WillieLocal|Any CPU
		{9ADF4825-9B7C-4BB1-A05C-9C137B33D81B}.WillieLocal|Any CPU.Build.0 = WillieLocal|Any CPU
		{9ADF4825-9B7C-4BB1-A05C-9C137B33D81B}.WillieLocal|Mixed Platforms.ActiveCfg = WillieLocal|Any CPU
		{9ADF4825-9B7C-4BB1-A05C-9C137B33D81B}.WillieLocal|Mixed Platforms.Build.0 = WillieLocal|Any CPU
		{9ADF4825-9B7C-4BB1-A05C-9C137B33D81B}.WillieLocal|x86.ActiveCfg = WillieLocal|Any CPU
		{928C0A63-F799-49B5-A566-65BE4ABC9F56}.Debug|Any CPU.ActiveCfg = Debug|Any CPU
		{928C0A63-F799-49B5-A566-65BE4ABC9F56}.Debug|Any CPU.Build.0 = Debug|Any CPU
		{928C0A63-F799-49B5-A566-65BE4ABC9F56}.Debug|Mixed Platforms.ActiveCfg = Debug|Any CPU
		{928C0A63-F799-49B5-A566-65BE4ABC9F56}.Debug|Mixed Platforms.Build.0 = Debug|Any CPU
		{928C0A63-F799-49B5-A566-65BE4ABC9F56}.Debug|x86.ActiveCfg = Debug|Any CPU
		{928C0A63-F799-49B5-A566-65BE4ABC9F56}.Release|Any CPU.ActiveCfg = Release|Any CPU
		{928C0A63-F799-49B5-A566-65BE4ABC9F56}.Release|Any CPU.Build.0 = Release|Any CPU
		{928C0A63-F799-49B5-A566-65BE4ABC9F56}.Release|Mixed Platforms.ActiveCfg = Release|Any CPU
		{928C0A63-F799-49B5-A566-65BE4ABC9F56}.Release|Mixed Platforms.Build.0 = Release|Any CPU
		{928C0A63-F799-49B5-A566-65BE4ABC9F56}.Release|x86.ActiveCfg = Release|Any CPU
		{928C0A63-F799-49B5-A566-65BE4ABC9F56}.WillieLocal|Any CPU.ActiveCfg = WillieLocal|Any CPU
		{928C0A63-F799-49B5-A566-65BE4ABC9F56}.WillieLocal|Any CPU.Build.0 = WillieLocal|Any CPU
		{928C0A63-F799-49B5-A566-65BE4ABC9F56}.WillieLocal|Mixed Platforms.ActiveCfg = WillieLocal|Any CPU
		{928C0A63-F799-49B5-A566-65BE4ABC9F56}.WillieLocal|Mixed Platforms.Build.0 = WillieLocal|Any CPU
		{928C0A63-F799-49B5-A566-65BE4ABC9F56}.WillieLocal|x86.ActiveCfg = WillieLocal|Any CPU
	EndGlobalSection
	GlobalSection(SolutionProperties) = preSolution
		HideSolutionNode = FALSE
	EndGlobalSection
	GlobalSection(NestedProjects) = preSolution
		{B0629F9B-DCEF-4CDD-9C39-8F766360B202} = {7E1EA881-A723-4F01-9625-E46517891DF5}
		{6D911430-7243-4AB2-B70E-4DAFFC4D1B22} = {B0629F9B-DCEF-4CDD-9C39-8F766360B202}
		{3E853C2F-AAF0-4668-87C1-658CC015CDA0} = {B0629F9B-DCEF-4CDD-9C39-8F766360B202}
		{D5725CD5-20AA-4A3E-B72E-146F781C4FDA} = {B0629F9B-DCEF-4CDD-9C39-8F766360B202}
		{4E164CF5-3114-4C70-874F-1353FB6A6215} = {B0629F9B-DCEF-4CDD-9C39-8F766360B202}
		{F86DB71F-262E-466D-9701-07BC84ACDF88} = {B0629F9B-DCEF-4CDD-9C39-8F766360B202}
		{9CB2D48F-2E3A-45CF-800D-440942CAECD2} = {B0629F9B-DCEF-4CDD-9C39-8F766360B202}
		{05D7FC4C-B586-42CB-B897-CD1F55BF9C78} = {B0629F9B-DCEF-4CDD-9C39-8F766360B202}
		{2B433F6B-B489-42D7-B373-0B50B9A52B88} = {B0629F9B-DCEF-4CDD-9C39-8F766360B202}
		{E90B49C0-4C8E-42EC-88EF-DACCFD56F2B5} = {B0629F9B-DCEF-4CDD-9C39-8F766360B202}
		{DBFE8DD9-9922-4123-ACC4-B249050CB1CE} = {B0629F9B-DCEF-4CDD-9C39-8F766360B202}
		{9ADF4825-9B7C-4BB1-A05C-9C137B33D81B} = {B0629F9B-DCEF-4CDD-9C39-8F766360B202}
		{928C0A63-F799-49B5-A566-65BE4ABC9F56} = {B0629F9B-DCEF-4CDD-9C39-8F766360B202}
		{318987BC-8D16-46A0-80C5-D5A10483B056} = {2B433F6B-B489-42D7-B373-0B50B9A52B88}
		{76DDB2F1-5B99-4143-BCDD-AF592C4FD539} = {2B433F6B-B489-42D7-B373-0B50B9A52B88}
		{3045922D-F58F-48E7-8D8C-41ACE6CA0303} = {2B433F6B-B489-42D7-B373-0B50B9A52B88}
		{1195BE69-FE3F-4654-A85A-E84E3C0E64C7} = {2B433F6B-B489-42D7-B373-0B50B9A52B88}
	EndGlobalSection
EndGlobal
